{
  "name": "mdjavadoc",
  "version": "1.0.4",
  "lockfileVersion": 1,
  "requires": true,
  "dependencies": {
    "commander": {
      "version": "2.18.0",
      "resolved": "https://registry.npmjs.org/commander/-/commander-2.18.0.tgz",
      "integrity": "sha512-6CYPa+JP2ftfRU2qkDK+UTVeQYosOg/2GbcjIcKPHfinyOLPVGXu/ovN86RP49Re5ndJK1N0kuiidFFuepc4ZQ=="
    },
    "mdjavadoc-api": {
      "version": "1.0.4",
      "resolved": "https://registry.npmjs.org/mdjavadoc-api/-/mdjavadoc-api-1.0.4.tgz",
      "integrity": "sha512-0Sm2cOYnSisI4Jvw1x+W8O8rvLdfBsQpzh9kecfxuECTVVVYtTOyOMPqBvmJYuKpieq5+p43bCwEhJMZq8MEaw=="
    }
  }
}
